
Microsoft Visual Studio Solution File, Format Version 12.00
# Visual Studio Version 16
VisualStudioVersion = 25.0.1703.5
MinimumVisualStudioVersion = 10.0.40219.1
Project("{FAE04EC0-301F-11D3-BF4B-00C04F79EFBC}") = "hm", "hm\hm.csproj", "{99DB232C-CBF4-4F86-9D8E-DC5D905E64A6}"
EndProject
Project("{FAE04EC0-301F-11D3-BF4B-00C04F79EFBC}") = "tm", "tm\tm.csproj", "{9DADD3AE-4F11-49FD-BE01-FDC67B243C57}"
EndProject
Global
	GlobalSection(SolutionConfigurationPlatforms) = preSolution
		Debug|Any CPU = Debug|Any CPU
		Release|Any CPU = Release|Any CPU
	EndGlobalSection
	GlobalSection(ProjectConfigurationPlatforms) = postSolution
		{99DB232C-CBF4-4F86-9D8E-DC5D905E64A6}.Debug|Any CPU.ActiveCfg = Debug|Any CPU
		{99DB232C-CBF4-4F86-9D8E-DC5D905E64A6}.Debug|Any CPU.Build.0 = Debug|Any CPU
		{99DB232C-CBF4-4F86-9D8E-DC5D905E64A6}.Release|Any CPU.ActiveCfg = Release|Any CPU
		{99DB232C-CBF4-4F86-9D8E-DC5D905E64A6}.Release|Any CPU.Build.0 = Release|Any CPU
		{9DADD3AE-4F11-49FD-BE01-FDC67B243C57}.Debug|Any CPU.ActiveCfg = Debug|Any CPU
		{9DADD3AE-4F11-49FD-BE01-FDC67B243C57}.Debug|Any CPU.Build.0 = Debug|Any CPU
		{9DADD3AE-4F11-49FD-BE01-FDC67B243C57}.Release|Any CPU.ActiveCfg = Release|Any CPU
		{9DADD3AE-4F11-49FD-BE01-FDC67B243C57}.Release|Any CPU.Build.0 = Release|Any CPU
	EndGlobalSection
	GlobalSection(SolutionProperties) = preSolution
		HideSolutionNode = FALSE
	EndGlobalSection
	GlobalSection(ExtensibilityGlobals) = postSolution
		SolutionGuid = {A81031E4-A7DC-4179-8A6B-CF1BC8619BD7}
	EndGlobalSection
EndGlobal
